
Microsoft Visual Studio Solution File, Format Version 12.00
# Visual Studio Version 17
VisualStudioVersion = 17.12.35707.178
MinimumVisualStudioVersion = 10.0.40219.1
Project("{FAE04EC0-301F-11D3-BF4B-00C04F79EFBC}") = "FinanceApp.Blazor", "FinanceApp.Blazor\FinanceApp.Blazor\FinanceApp.Blazor.csproj", "{9D724BA0-DF08-496C-8D47-DBA501948191}"
EndProject
Project("{FAE04EC0-301F-11D3-BF4B-00C04F79EFBC}") = "FinanceApp.Blazor.Client", "FinanceApp.Blazor\FinanceApp.Blazor.Client\FinanceApp.Blazor.Client.csproj", "{66AE60B7-712E-40D2-80B2-157A1DBA2818}"
EndProject
Global
	GlobalSection(SolutionConfigurationPlatforms) = preSolution
		Debug|Any CPU = Debug|Any CPU
		Release|Any CPU = Release|Any CPU
	EndGlobalSection
	GlobalSection(ProjectConfigurationPlatforms) = postSolution
		{9D724BA0-DF08-496C-8D47-DBA501948191}.Debug|Any CPU.ActiveCfg = Debug|Any CPU
		{9D724BA0-DF08-496C-8D47-DBA501948191}.Debug|Any CPU.Build.0 = Debug|Any CPU
		{9D724BA0-DF08-496C-8D47-DBA501948191}.Release|Any CPU.ActiveCfg = Release|Any CPU
		{9D724BA0-DF08-496C-8D47-DBA501948191}.Release|Any CPU.Build.0 = Release|Any CPU
		{66AE60B7-712E-40D2-80B2-157A1DBA2818}.Debug|Any CPU.ActiveCfg = Debug|Any CPU
		{66AE60B7-712E-40D2-80B2-157A1DBA2818}.Debug|Any CPU.Build.0 = Debug|Any CPU
		{66AE60B7-712E-40D2-80B2-157A1DBA2818}.Release|Any CPU.ActiveCfg = Release|Any CPU
		{66AE60B7-712E-40D2-80B2-157A1DBA2818}.Release|Any CPU.Build.0 = Release|Any CPU
	EndGlobalSection
	GlobalSection(SolutionProperties) = preSolution
		HideSolutionNode = FALSE
	EndGlobalSection
EndGlobal
