
Microsoft Visual Studio Solution File, Format Version 12.00
# Visual Studio Version 17
VisualStudioVersion = 17.12.35707.178
MinimumVisualStudioVersion = 10.0.40219.1
Project("{FAE04EC0-301F-11D3-BF4B-00C04F79EFBC}") = "PersonalFinanceDataManager.Tests", "PersonalFinanceDataManager.Tests\PersonalFinanceDataManager.Tests.csproj", "{FCB2660B-6499-4E95-80F6-C0D65DF59342}"
EndProject
Project("{FAE04EC0-301F-11D3-BF4B-00C04F79EFBC}") = "FinanceApp.Blazor", "FinanceApp.Blazor\FinanceApp.Blazor.csproj", "{25B0F8BA-4E6E-4670-82C3-4489BC218608}"
EndProject
Project("{FAE04EC0-301F-11D3-BF4B-00C04F79EFBC}") = "FinanceApp.Blazor.Client", "FinanceApp.Blazor.Client\FinanceApp.Blazor.Client.csproj", "{D8C2674C-FB27-4250-A721-4F3EB431EC33}"
EndProject
Project("{FAE04EC0-301F-11D3-BF4B-00C04F79EFBC}") = "PersonalFinanceDataManager.Core", "PersonalFinanceDataManager.Core\PersonalFinanceDataManager.Core.csproj", "{C1C15DC0-0121-4FE5-80EA-4CF5E394E658}"
EndProject
Project("{FAE04EC0-301F-11D3-BF4B-00C04F79EFBC}") = "PersonalFinanceDataManager.Data", "PersonalFinanceDataManager.Data\PersonalFinanceDataManager.Data.csproj", "{A5051AB7-C83B-45DB-8E87-2603FCCF0F25}"
EndProject
Project("{FAE04EC0-301F-11D3-BF4B-00C04F79EFBC}") = "PersonalFinanceDataManager.Domain", "PersonalFinanceDataManager.Domain\PersonalFinanceDataManager.Domain.csproj", "{BD2E6D24-7255-428A-BC74-A15F40954727}"
EndProject
Global
	GlobalSection(SolutionConfigurationPlatforms) = preSolution
		Debug|Any CPU = Debug|Any CPU
		Release|Any CPU = Release|Any CPU
	EndGlobalSection
	GlobalSection(ProjectConfigurationPlatforms) = postSolution
		{FCB2660B-6499-4E95-80F6-C0D65DF59342}.Debug|Any CPU.ActiveCfg = Debug|Any CPU
		{FCB2660B-6499-4E95-80F6-C0D65DF59342}.Debug|Any CPU.Build.0 = Debug|Any CPU
		{FCB2660B-6499-4E95-80F6-C0D65DF59342}.Release|Any CPU.ActiveCfg = Release|Any CPU
		{FCB2660B-6499-4E95-80F6-C0D65DF59342}.Release|Any CPU.Build.0 = Release|Any CPU
		{25B0F8BA-4E6E-4670-82C3-4489BC218608}.Debug|Any CPU.ActiveCfg = Debug|Any CPU
		{25B0F8BA-4E6E-4670-82C3-4489BC218608}.Debug|Any CPU.Build.0 = Debug|Any CPU
		{25B0F8BA-4E6E-4670-82C3-4489BC218608}.Release|Any CPU.ActiveCfg = Release|Any CPU
		{25B0F8BA-4E6E-4670-82C3-4489BC218608}.Release|Any CPU.Build.0 = Release|Any CPU
		{D8C2674C-FB27-4250-A721-4F3EB431EC33}.Debug|Any CPU.ActiveCfg = Debug|Any CPU
		{D8C2674C-FB27-4250-A721-4F3EB431EC33}.Debug|Any CPU.Build.0 = Debug|Any CPU
		{D8C2674C-FB27-4250-A721-4F3EB431EC33}.Release|Any CPU.ActiveCfg = Release|Any CPU
		{D8C2674C-FB27-4250-A721-4F3EB431EC33}.Release|Any CPU.Build.0 = Release|Any CPU
		{C1C15DC0-0121-4FE5-80EA-4CF5E394E658}.Debug|Any CPU.ActiveCfg = Debug|Any CPU
		{C1C15DC0-0121-4FE5-80EA-4CF5E394E658}.Debug|Any CPU.Build.0 = Debug|Any CPU
		{C1C15DC0-0121-4FE5-80EA-4CF5E394E658}.Release|Any CPU.ActiveCfg = Release|Any CPU
		{C1C15DC0-0121-4FE5-80EA-4CF5E394E658}.Release|Any CPU.Build.0 = Release|Any CPU
		{A5051AB7-C83B-45DB-8E87-2603FCCF0F25}.Debug|Any CPU.ActiveCfg = Debug|Any CPU
		{A5051AB7-C83B-45DB-8E87-2603FCCF0F25}.Debug|Any CPU.Build.0 = Debug|Any CPU
		{A5051AB7-C83B-45DB-8E87-2603FCCF0F25}.Release|Any CPU.ActiveCfg = Release|Any CPU
		{A5051AB7-C83B-45DB-8E87-2603FCCF0F25}.Release|Any CPU.Build.0 = Release|Any CPU
		{BD2E6D24-7255-428A-BC74-A15F40954727}.Debug|Any CPU.ActiveCfg = Debug|Any CPU
		{BD2E6D24-7255-428A-BC74-A15F40954727}.Debug|Any CPU.Build.0 = Debug|Any CPU
		{BD2E6D24-7255-428A-BC74-A15F40954727}.Release|Any CPU.ActiveCfg = Release|Any CPU
		{BD2E6D24-7255-428A-BC74-A15F40954727}.Release|Any CPU.Build.0 = Release|Any CPU
	EndGlobalSection
	GlobalSection(SolutionProperties) = preSolution
		HideSolutionNode = FALSE
	EndGlobalSection
EndGlobal
